// !$*UTF8*$!
{
	archiveVersion = 1;
	classes = {
	};
	objectVersion = 46;
	objects = {

/* Begin PBXBuildFile section */
		C72A0D921B459B0600735763 /* Images.xcassets in Resources */ = {isa = PBXBuildFile; fileRef = C72A0D911B459B0600735763 /* Images.xcassets */; };
		C749DE681B44A03300464D24 /* AppDelegate.swift in Sources */ = {isa = PBXBuildFile; fileRef = C749DE671B44A03300464D24 /* AppDelegate.swift */; };
		C749DE6A1B44A03300464D24 /* ViewController.swift in Sources */ = {isa = PBXBuildFile; fileRef = C749DE691B44A03300464D24 /* ViewController.swift */; };
		C749DE6D1B44A03300464D24 /* Main.storyboard in Resources */ = {isa = PBXBuildFile; fileRef = C749DE6B1B44A03300464D24 /* Main.storyboard */; };
		C749DE721B44A03300464D24 /* LaunchScreen.xib in Resources */ = {isa = PBXBuildFile; fileRef = C749DE701B44A03300464D24 /* LaunchScreen.xib */; };
		C749DE7E1B44A03300464D24 /* AutoLayoutTests.swift in Sources */ = {isa = PBXBuildFile; fileRef = C749DE7D1B44A03300464D24 /* AutoLayoutTests.swift */; };
		C749DE881B44A6A800464D24 /* User.swift in Sources */ = {isa = PBXBuildFile; fileRef = C749DE871B44A6A800464D24 /* User.swift */; };
/* End PBXBuildFile section */

/* Begin PBXContainerItemProxy section */
		C749DE781B44A03300464D24 /* PBXContainerItemProxy */ = {
			isa = PBXContainerItemProxy;
			containerPortal = C749DE5A1B44A03300464D24 /* Project object */;
			proxyType = 1;
			remoteGlobalIDString = C749DE611B44A03300464D24;
			remoteInfo = AutoLayout;
		};
/* End PBXContainerItemProxy section */

/* Begin PBXFileReference section */
		C72A0D911B459B0600735763 /* Images.xcassets */ = {isa = PBXFileReference; lastKnownFileType = folder.assetcatalog; path = Images.xcassets; sourceTree = "<group>"; };
		C749DE621B44A03300464D24 /* AutoLayout.app */ = {isa = PBXFileReference; explicitFileType = wrapper.application; includeInIndex = 0; path = AutoLayout.app; sourceTree = BUILT_PRODUCTS_DIR; };
		C749DE661B44A03300464D24 /* Info.plist */ = {isa = PBXFileReference; lastKnownFileType = text.plist.xml; path = Info.plist; sourceTree = "<group>"; };
		C749DE671B44A03300464D24 /* AppDelegate.swift */ = {isa = PBXFileReference; lastKnownFileType = sourcecode.swift; path = AppDelegate.swift; sourceTree = "<group>"; };
		C749DE691B44A03300464D24 /* ViewController.swift */ = {isa = PBXFileReference; lastKnownFileType = sourcecode.swift; path = ViewController.swift; sourceTree = "<group>"; };
		C749DE6C1B44A03300464D24 /* Base */ = {isa = PBXFileReference; lastKnownFileType = file.storyboard; name = Base; path = Base.lproj/Main.storyboard; sourceTree = "<group>"; };
		C749DE711B44A03300464D24 /* Base */ = {isa = PBXFileReference; lastKnownFileType = file.xib; name = Base; path = Base.lproj/LaunchScreen.xib; sourceTree = "<group>"; };
		C749DE771B44A03300464D24 /* AutoLayoutTests.xctest */ = {isa = PBXFileReference; explicitFileType = wrapper.cfbundle; includeInIndex = 0; path = AutoLayoutTests.xctest; sourceTree = BUILT_PRODUCTS_DIR; };
		C749DE7C1B44A03300464D24 /* Info.plist */ = {isa = PBXFileReference; lastKnownFileType = text.plist.xml; path = Info.plist; sourceTree = "<group>"; };
		C749DE7D1B44A03300464D24 /* AutoLayoutTests.swift */ = {isa = PBXFileReference; lastKnownFileType = sourcecode.swift; path = AutoLayoutTests.swift; sourceTree = "<group>"; };
		C749DE871B44A6A800464D24 /* User.swift */ = {isa = PBXFileReference; fileEncoding = 4; lastKnownFileType = sourcecode.swift; path = User.swift; sourceTree = "<group>"; };
/* End PBXFileReference section */

/* Begin PBXFrameworksBuildPhase section */
		C749DE5F1B44A03300464D24 /* Frameworks */ = {
			isa = PBXFrameworksBuildPhase;
			buildActionMask = 2147483647;
			files = (
			);
			runOnlyForDeploymentPostprocessing = 0;
		};
		C749DE741B44A03300464D24 /* Frameworks */ = {
			isa = PBXFrameworksBuildPhase;
			buildActionMask = 2147483647;
			files = (
			);
			runOnlyForDeploymentPostprocessing = 0;
		};
/* End PBXFrameworksBuildPhase section */

/* Begin PBXGroup section */
		C749DE591B44A03300464D24 = {
			isa = PBXGroup;
			children = (
				C749DE641B44A03300464D24 /* AutoLayout */,
				C749DE7A1B44A03300464D24 /* AutoLayoutTests */,
				C749DE631B44A03300464D24 /* Products */,
			);
			sourceTree = "<group>";
		};
		C749DE631B44A03300464D24 /* Products */ = {
			isa = PBXGroup;
			children = (
				C749DE621B44A03300464D24 /* AutoLayout.app */,
				C749DE771B44A03300464D24 /* AutoLayoutTests.xctest */,
			);
			name = Products;
			sourceTree = "<group>";
		};
		C749DE641B44A03300464D24 /* AutoLayout */ = {
			isa = PBXGroup;
			children = (
				C749DE691B44A03300464D24 /* ViewController.swift */,
				C749DE871B44A6A800464D24 /* User.swift */,
				C749DE6B1B44A03300464D24 /* Main.storyboard */,
				C72A0D911B459B0600735763 /* Images.xcassets */,
				C749DE651B44A03300464D24 /* Supporting Files */,
			);
			path = AutoLayout;
			sourceTree = "<group>";
		};
		C749DE651B44A03300464D24 /* Supporting Files */ = {
			isa = PBXGroup;
			children = (
				C749DE701B44A03300464D24 /* LaunchScreen.xib */,
				C749DE671B44A03300464D24 /* AppDelegate.swift */,
				C749DE661B44A03300464D24 /* Info.plist */,
			);
			name = "Supporting Files";
			sourceTree = "<group>";
		};
		C749DE7A1B44A03300464D24 /* AutoLayoutTests */ = {
			isa = PBXGroup;
			children = (
				C749DE7D1B44A03300464D24 /* AutoLayoutTests.swift */,
				C749DE7B1B44A03300464D24 /* Supporting Files */,
			);
			path = AutoLayoutTests;
			sourceTree = "<group>";
		};
		C749DE7B1B44A03300464D24 /* Supporting Files */ = {
			isa = PBXGroup;
			children = (
				C749DE7C1B44A03300464D24 /* Info.plist */,
			);
			name = "Supporting Files";
			sourceTree = "<group>";
		};
/* End PBXGroup section */

/* Begin PBXNativeTarget section */
		C749DE611B44A03300464D24 /* AutoLayout */ = {
			isa = PBXNativeTarget;
			buildConfigurationList = C749DE811B44A03300464D24 /* Build configuration list for PBXNativeTarget "AutoLayout" */;
			buildPhases = (
				C749DE5E1B44A03300464D24 /* Sources */,
				C749DE5F1B44A03300464D24 /* Frameworks */,
				C749DE601B44A03300464D24 /* Resources */,
			);
			buildRules = (
			);
			dependencies = (
			);
			name = AutoLayout;
			productName = AutoLayout;
			productReference = C749DE621B44A03300464D24 /* AutoLayout.app */;
			productType = "com.apple.product-type.application";
		};
		C749DE761B44A03300464D24 /* AutoLayoutTests */ = {
			isa = PBXNativeTarget;
			buildConfigurationList = C749DE841B44A03300464D24 /* Build configuration list for PBXNativeTarget "AutoLayoutTests" */;
			buildPhases = (
				C749DE731B44A03300464D24 /* Sources */,
				C749DE741B44A03300464D24 /* Frameworks */,
				C749DE751B44A03300464D24 /* Resources */,
			);
			buildRules = (
			);
			dependencies = (
				C749DE791B44A03300464D24 /* PBXTargetDependency */,
			);
			name = AutoLayoutTests;
			productName = AutoLayoutTests;
			productReference = C749DE771B44A03300464D24 /* AutoLayoutTests.xctest */;
			productType = "com.apple.product-type.bundle.unit-test";
		};
/* End PBXNativeTarget section */

/* Begin PBXProject section */
		C749DE5A1B44A03300464D24 /* Project object */ = {
			isa = PBXProject;
			attributes = {
				LastUpgradeCheck = 0630;
				ORGANIZATIONNAME = SaulGausin;
				TargetAttributes = {
					C749DE611B44A03300464D24 = {
						CreatedOnToolsVersion = 6.3.2;
					};
					C749DE761B44A03300464D24 = {
						CreatedOnToolsVersion = 6.3.2;
						TestTargetID = C749DE611B44A03300464D24;
					};
				};
			};
			buildConfigurationList = C749DE5D1B44A03300464D24 /* Build configuration list for PBXProject "AutoLayout" */;
			compatibilityVersion = "Xcode 3.2";
			developmentRegion = English;
			hasScannedForEncodings = 0;
			knownRegions = (
				en,
				Base,
			);
			mainGroup = C749DE591B44A03300464D24;
			productRefGroup = C749DE631B44A03300464D24 /* Products */;
			projectDirPath = "";
			projectRoot = "";
			targets = (
				C749DE611B44A03300464D24 /* AutoLayout */,
				C749DE761B44A03300464D24 /* AutoLayoutTests */,
			);
		};
/* End PBXProject section */

/* Begin PBXResourcesBuildPhase section */
		C749DE601B44A03300464D24 /* Resources */ = {
			isa = PBXResourcesBuildPhase;
			buildActionMask = 2147483647;
			files = (
				C72A0D921B459B0600735763 /* Images.xcassets in Resources */,
				C749DE6D1B44A03300464D24 /* Main.storyboard in Resources */,
				C749DE721B44A03300464D24 /* LaunchScreen.xib in Resources */,
			);
			runOnlyForDeploymentPostprocessing = 0;
		};
		C749DE751B44A03300464D24 /* Resources */ = {
			isa = PBXResourcesBuildPhase;
			buildActionMask = 2147483647;
			files = (
			);
			runOnlyForDeploymentPostprocessing = 0;
		};
/* End PBXResourcesBuildPhase section */

/* Begin PBXSourcesBuildPhase section */
		C749DE5E1B44A03300464D24 /* Sources */ = {
			isa = PBXSourcesBuildPhase;
			buildActionMask = 2147483647;
			files = (
				C749DE6A1B44A03300464D24 /* ViewController.swift in Sources */,
				C749DE681B44A03300464D24 /* AppDelegate.swift in Sources */,
				C749DE881B44A6A800464D24 /* User.swift in Sources */,
			);
			runOnlyForDeploymentPostprocessing = 0;
		};
		C749DE731B44A03300464D24 /* Sources */ = {
			isa = PBXSourcesBuildPhase;
			buildActionMask = 2147483647;
			files = (
				C749DE7E1B44A03300464D24 /* AutoLayoutTests.swift in Sources */,
			);
			runOnlyForDeploymentPostprocessing = 0;
		};
/* End PBXSourcesBuildPhase section */

/* Begin PBXTargetDependency section */
		C749DE791B44A03300464D24 /* PBXTargetDependency */ = {
			isa = PBXTargetDependency;
			target = C749DE611B44A03300464D24 /* AutoLayout */;
			targetProxy = C749DE781B44A03300464D24 /* PBXContainerItemProxy */;
		};
/* End PBXTargetDependency section */

/* Begin PBXVariantGroup section */
		C749DE6B1B44A03300464D24 /* Main.storyboard */ = {
			isa = PBXVariantGroup;
			children = (
				C749DE6C1B44A03300464D24 /* Base */,
			);
			name = Main.storyboard;
			sourceTree = "<group>";
		};
		C749DE701B44A03300464D24 /* LaunchScreen.xib */ = {
			isa = PBXVariantGroup;
			children = (
				C749DE711B44A03300464D24 /* Base */,
			);
			name = LaunchScreen.xib;
			sourceTree = "<group>";
		};
/* End PBXVariantGroup section */

/* Begin XCBuildConfiguration section */
		C749DE7F1B44A03300464D24 /* Debug */ = {
			isa = XCBuildConfiguration;
			buildSettings = {
				ALWAYS_SEARCH_USER_PATHS = NO;
				CLANG_CXX_LANGUAGE_STANDARD = "gnu++0x";
				CLANG_CXX_LIBRARY = "libc++";
				CLANG_ENABLE_MODULES = YES;
				CLANG_ENABLE_OBJC_ARC = YES;
				CLANG_WARN_BOOL_CONVERSION = YES;
				CLANG_WARN_CONSTANT_CONVERSION = YES;
				CLANG_WARN_DIRECT_OBJC_ISA_USAGE = YES_ERROR;
				CLANG_WARN_EMPTY_BODY = YES;
				CLANG_WARN_ENUM_CONVERSION = YES;
				CLANG_WARN_INT_CONVERSION = YES;
				CLANG_WARN_OBJC_ROOT_CLASS = YES_ERROR;
				CLANG_WARN_UNREACHABLE_CODE = YES;
				CLANG_WARN__DUPLICATE_METHOD_MATCH = YES;
				"CODE_SIGN_IDENTITY[sdk=iphoneos*]" = "iPhone Developer";
				COPY_PHASE_STRIP = NO;
				DEBUG_INFORMATION_FORMAT = "dwarf-with-dsym";
				ENABLE_STRICT_OBJC_MSGSEND = YES;
				GCC_C_LANGUAGE_STANDARD = gnu99;
				GCC_DYNAMIC_NO_PIC = NO;
				GCC_NO_COMMON_BLOCKS = YES;
				GCC_OPTIMIZATION_LEVEL = 0;
				GCC_PREPROCESSOR_DEFINITIONS = (
					"DEBUG=1",
					"$(inherited)",
				);
				GCC_SYMBOLS_PRIVATE_EXTERN = NO;
				GCC_WARN_64_TO_32_BIT_CONVERSION = YES;
				GCC_WARN_ABOUT_RETURN_TYPE = YES_ERROR;
				GCC_WARN_UNDECLARED_SELECTOR = YES;
				GCC_WARN_UNINITIALIZED_AUTOS = YES_AGGRESSIVE;
				GCC_WARN_UNUSED_FUNCTION = YES;
				GCC_WARN_UNUSED_VARIABLE = YES;
				IPHONEOS_DEPLOYMENT_TARGET = 8.3;
				MTL_ENABLE_DEBUG_INFO = YES;
				ONLY_ACTIVE_ARCH = YES;
				SDKROOT = iphoneos;
				SWIFT_OPTIMIZATION_LEVEL = "-Onone";
				TARGETED_DEVICE_FAMILY = "1,2";
			};
			name = Debug;
		};
		C749DE801B44A03300464D24 /* Release */ = {
			isa = XCBuildConfiguration;
			buildSettings = {
				ALWAYS_SEARCH_USER_PATHS = NO;
				CLANG_CXX_LANGUAGE_STANDARD = "gnu++0x";
				CLANG_CXX_LIBRARY = "libc++";
				CLANG_ENABLE_MODULES = YES;
				CLANG_ENABLE_OBJC_ARC = YES;
				CLANG_WARN_BOOL_CONVERSION = YES;
				CLANG_WARN_CONSTANT_CONVERSION = YES;
				CLANG_WARN_DIRECT_OBJC_ISA_USAGE = YES_ERROR;
				CLANG_WARN_EMPTY_BODY = YES;
				CLANG_WARN_ENUM_CONVERSION = YES;
				CLANG_WARN_INT_CONVERSION = YES;
				CLANG_WARN_OBJC_ROOT_CLASS = YES_ERROR;
				CLANG_WARN_UNREACHABLE_CODE = YES;
				CLANG_WARN__DUPLICATE_METHOD_MATCH = YES;
				"CODE_SIGN_IDENTITY[sdk=iphoneos*]" = "iPhone Developer";
				COPY_PHASE_STRIP = NO;
				DEBUG_INFORMATION_FORMAT = "dwarf-with-dsym";
				ENABLE_NS_ASSERTIONS = NO;
				ENABLE_STRICT_OBJC_MSGSEND = YES;
				GCC_C_LANGUAGE_STANDARD = gnu99;
				GCC_NO_COMMON_BLOCKS = YES;
				GCC_WARN_64_TO_32_BIT_CONVERSION = YES;
				GCC_WARN_ABOUT_RETURN_TYPE = YES_ERROR;
				GCC_WARN_UNDECLARED_SELECTOR = YES;
				GCC_WARN_UNINITIALIZED_AUTOS = YES_AGGRESSIVE;
				GCC_WARN_UNUSED_FUNCTION = YES;
				GCC_WARN_UNUSED_VARIABLE = YES;
				IPHONEOS_DEPLOYMENT_TARGET = 8.3;
				MTL_ENABLE_DEBUG_INFO = NO;
				SDKROOT = iphoneos;
				TARGETED_DEVICE_FAMILY = "1,2";
				VALIDATE_PRODUCT = YES;
			};
			name = Release;
		};
		C749DE821B44A03300464D24 /* Debug */ = {
			isa = XCBuildConfiguration;
			buildSettings = {
				ASSETCATALOG_COMPILER_APPICON_NAME = AppIcon;
				INFOPLIST_FILE = AutoLayout/Info.plist;
				LD_RUNPATH_SEARCH_PATHS = "$(inherited) @executable_path/Frameworks";
				PRODUCT_NAME = "$(TARGET_NAME)";
			};
			name = Debug;
		};
		C749DE831B44A03300464D24 /* Release */ = {
			isa = XCBuildConfiguration;
			buildSettings = {
				ASSETCATALOG_COMPILER_APPICON_NAME = AppIcon;
				INFOPLIST_FILE = AutoLayout/Info.plist;
				LD_RUNPATH_SEARCH_PATHS = "$(inherited) @executable_path/Frameworks";
				PRODUCT_NAME = "$(TARGET_NAME)";
			};
			name = Release;
		};
		C749DE851B44A03300464D24 /* Debug */ = {
			isa = XCBuildConfiguration;
			buildSettings = {
				BUNDLE_LOADER = "$(TEST_HOST)";
				FRAMEWORK_SEARCH_PATHS = (
					"$(SDKROOT)/Developer/Library/Frameworks",
					"$(inherited)",
				);
				GCC_PREPROCESSOR_DEFINITIONS = (
					"DEBUG=1",
					"$(inherited)",
				);
				INFOPLIST_FILE = AutoLayoutTests/Info.plist;
				LD_RUNPATH_SEARCH_PATHS = "$(inherited) @executable_path/Frameworks @loader_path/Frameworks";
				PRODUCT_NAME = "$(TARGET_NAME)";
				TEST_HOST = "$(BUILT_PRODUCTS_DIR)/AutoLayout.app/AutoLayout";
			};
			name = Debug;
		};
		C749DE861B44A03300464D24 /* Release */ = {
			isa = XCBuildConfiguration;
			buildSettings = {
				BUNDLE_LOADER = "$(TEST_HOST)";
				FRAMEWORK_SEARCH_PATHS = (
					"$(SDKROOT)/Developer/Library/Frameworks",
					"$(inherited)",
				);
				INFOPLIST_FILE = AutoLayoutTests/Info.plist;
				LD_RUNPATH_SEARCH_PATHS = "$(inherited) @executable_path/Frameworks @loader_path/Frameworks";
				PRODUCT_NAME = "$(TARGET_NAME)";
				TEST_HOST = "$(BUILT_PRODUCTS_DIR)/AutoLayout.app/AutoLayout";
			};
			name = Release;
		};
/* End XCBuildConfiguration section */

/* Begin XCConfigurationList section */
		C749DE5D1B44A03300464D24 /* Build configuration list for PBXProject "AutoLayout" */ = {
			isa = XCConfigurationList;
			buildConfigurations = (
				C749DE7F1B44A03300464D24 /* Debug */,
				C749DE801B44A03300464D24 /* Release */,
			);
			defaultConfigurationIsVisible = 0;
			defaultConfigurationName = Release;
		};
		C749DE811B44A03300464D24 /* Build configuration list for PBXNativeTarget "AutoLayout" */ = {
			isa = XCConfigurationList;
			buildConfigurations = (
				C749DE821B44A03300464D24 /* Debug */,
				C749DE831B44A03300464D24 /* Release */,
			);
			defaultConfigurationIsVisible = 0;
			defaultConfigurationName = Release;
		};
		C749DE841B44A03300464D24 /* Build configuration list for PBXNativeTarget "AutoLayoutTests" */ = {
			isa = XCConfigurationList;
			buildConfigurations = (
				C749DE851B44A03300464D24 /* Debug */,
				C749DE861B44A03300464D24 /* Release */,
			);
			defaultConfigurationIsVisible = 0;
			defaultConfigurationName = Release;
		};
/* End XCConfigurationList section */
	};
	rootObject = C749DE5A1B44A03300464D24 /* Project object */;
}
